
Microsoft Visual Studio Solution File, Format Version 12.00
# Visual Studio Version 16
VisualStudioVersion = 16.0.30011.22
MinimumVisualStudioVersion = 10.0.40219.1
Project("{9A19103F-16F7-4668-BE54-9A1E7A4F7556}") = "LeetCode", "LeetCode\LeetCode.csproj", "{F57DA172-29D7-4973-B57A-BAEC5AE168FD}"
EndProject
Project("{9A19103F-16F7-4668-BE54-9A1E7A4F7556}") = "BFS", "BFS\BFS.csproj", "{EA27E3B7-C8A9-435A-B44A-F66E78A717AA}"
EndProject
Project("{9A19103F-16F7-4668-BE54-9A1E7A4F7556}") = "ZombieMatrix", "ZombieMatrix\ZombieMatrix.csproj", "{C6E552A0-3930-44E5-B20C-86B71D891EDF}"
EndProject
Project("{2150E333-8FDC-42A3-9474-1A3956D46DE8}") = "GreedyAlgorithm", "GreedyAlgorithm", "{E85813A9-5C39-4798-B9DB-94F96808AA4C}"
EndProject
Project("{9A19103F-16F7-4668-BE54-9A1E7A4F7556}") = "EgyptionFraction", "EgyptionFraction\EgyptionFraction.csproj", "{4F7B637D-4E7A-4525-B718-63CB34DE8A1B}"
EndProject
Project("{9A19103F-16F7-4668-BE54-9A1E7A4F7556}") = "JobSequencing", "JobSequencing\JobSequencing.csproj", "{8C908B96-B70D-4837-B2FB-A364D46985C6}"
EndProject
Project("{9A19103F-16F7-4668-BE54-9A1E7A4F7556}") = "SearchSuggestions", "SearchSuggestions\SearchSuggestions.csproj", "{5D389E67-C0D7-43BC-948B-282CD9FC5F26}"
EndProject
Project("{9A19103F-16F7-4668-BE54-9A1E7A4F7556}") = "IsLand", "IsLand\IsLand.csproj", "{0352C25E-E1E6-4925-AFD0-040100D176A3}"
EndProject
Project("{2150E333-8FDC-42A3-9474-1A3956D46DE8}") = "Recursion", "Recursion", "{A4020A77-0803-47FD-8E13-323B5052BAF4}"
EndProject
Project("{9A19103F-16F7-4668-BE54-9A1E7A4F7556}") = "Palindrome", "Palindrome\Palindrome.csproj", "{CEDE1186-8C49-4607-B75B-797F41B226EE}"
EndProject
Project("{2150E333-8FDC-42A3-9474-1A3956D46DE8}") = "DP", "DP", "{77B98723-9208-4C40-A816-5AE6229E2A8A}"
EndProject
Project("{9A19103F-16F7-4668-BE54-9A1E7A4F7556}") = "Knapsack", "Knapsack\Knapsack.csproj", "{AF828AFA-32E0-48C1-9D39-85A6A91947EC}"
EndProject
Project("{9A19103F-16F7-4668-BE54-9A1E7A4F7556}") = "KnapsackDP", "KnapsackDP\KnapsackDP.csproj", "{9D68B1B0-0258-4FAB-899A-A680F9297582}"
EndProject
Project("{9A19103F-16F7-4668-BE54-9A1E7A4F7556}") = "KnapsackTopDown", "KnapsackTopDown\KnapsackTopDown.csproj", "{9DC2FEE4-13B7-43C0-8092-BE65A7D32AC0}"
EndProject
Project("{9A19103F-16F7-4668-BE54-9A1E7A4F7556}") = "SubsetSumDp", "SubsetSumDp\SubsetSumDp.csproj", "{2A7EAE53-A451-4282-860D-EA64D204ED1A}"
EndProject
Project("{9A19103F-16F7-4668-BE54-9A1E7A4F7556}") = "SubsetSumTopDown", "SubsetSumTopDown\SubsetSumTopDown.csproj", "{487AA600-8A67-4D21-B0DD-AF0720935EB8}"
EndProject
Project("{9A19103F-16F7-4668-BE54-9A1E7A4F7556}") = "EqualSumTopDown", "EqualSumTopDown\EqualSumTopDown.csproj", "{DCC6BA6D-D2B8-4789-8B75-41DBE8B81299}"
EndProject
Project("{9A19103F-16F7-4668-BE54-9A1E7A4F7556}") = "NoOfSubsetDP", "NoOfSubsetDP\NoOfSubsetDP.csproj", "{6EEE7953-FBDF-4112-A01B-CFB6C9A7783D}"
EndProject
Project("{9A19103F-16F7-4668-BE54-9A1E7A4F7556}") = "NoOfSubsetTopDown", "NoOfSubsetTopDown\NoOfSubsetTopDown.csproj", "{2A3A73E2-629C-4692-9F97-33FF2E5FA5B5}"
EndProject
Project("{9A19103F-16F7-4668-BE54-9A1E7A4F7556}") = "MinimubSubsetDP", "MinimubSubsetDP\MinimubSubsetDP.csproj", "{44345D7B-089F-4989-8834-BB44276F3929}"
EndProject
Project("{9A19103F-16F7-4668-BE54-9A1E7A4F7556}") = "MinimumSubsetTopDown", "MinimumSubsetTopDown\MinimumSubsetTopDown.csproj", "{63D11E9C-CB87-4DFE-89FD-55750C5A10A5}"
EndProject
Project("{9A19103F-16F7-4668-BE54-9A1E7A4F7556}") = "TargetSum", "TargetSum\TargetSum.csproj", "{23425768-B6EC-40CF-9763-C17FC457E477}"
EndProject
Project("{9A19103F-16F7-4668-BE54-9A1E7A4F7556}") = "UnboundedKnapsackMemo", "UnboundedKnapsackMemo\UnboundedKnapsackMemo.csproj", "{7B418E9B-FEC0-4E48-8EDC-647C48507939}"
EndProject
Project("{9A19103F-16F7-4668-BE54-9A1E7A4F7556}") = "CoinChange", "CoinChange\CoinChange.csproj", "{47F299E2-230E-4DBF-B938-82080ADA855F}"
EndProject
Project("{9A19103F-16F7-4668-BE54-9A1E7A4F7556}") = "MinNOofCoins", "MinNOofCoins\MinNOofCoins.csproj", "{0C11D1BD-B513-40A6-8268-0C779EE63BD6}"
EndProject
Project("{2150E333-8FDC-42A3-9474-1A3956D46DE8}") = "LCS", "LCS", "{BBB59CA0-F6D9-4289-9167-489F05C8910C}"
EndProject
Project("{9A19103F-16F7-4668-BE54-9A1E7A4F7556}") = "LongestCommonSubsequence", "LongestCommonSubsequence\LongestCommonSubsequence.csproj", "{0A33FAF7-C822-43E9-B671-FEF940FCF171}"
EndProject
Project("{9A19103F-16F7-4668-BE54-9A1E7A4F7556}") = "LongestCommonSubsequenceBottomUp", "LongestCommonSubsequenceTopDown\LongestCommonSubsequenceBottomUp.csproj", "{38E3549A-D8D3-4790-84E8-65C7473C2460}"
EndProject
Project("{2150E333-8FDC-42A3-9474-1A3956D46DE8}") = "Leet", "Leet", "{39A11682-584E-4147-A75A-A2719B9AAC17}"
EndProject
Project("{FAE04EC0-301F-11D3-BF4B-00C04F79EFBC}") = "ReorderData", "ReorderData\ReorderData.csproj", "{1FDF52F8-ABEC-444C-B1D1-95EB858D3CCA}"
EndProject
Project("{FAE04EC0-301F-11D3-BF4B-00C04F79EFBC}") = "HeightOfTree", "HeightOfTree\HeightOfTree.csproj", "{F1BB06A7-6960-41FD-8B2D-6905742AB2B5}"
EndProject
Project("{FAE04EC0-301F-11D3-BF4B-00C04F79EFBC}") = "SortingRecursion", "SortingRecursion\SortingRecursion.csproj", "{BCAB49A8-7264-4C1B-AA0C-F4B9F493A88C}"
EndProject
Project("{FAE04EC0-301F-11D3-BF4B-00C04F79EFBC}") = "SortStack", "SortStack\SortStack.csproj", "{50E92B45-8C14-4C8D-AED7-0F6362AD0CEE}"
EndProject
Project("{FAE04EC0-301F-11D3-BF4B-00C04F79EFBC}") = "DeleteElementStack", "DeleteElementStack\DeleteElementStack.csproj", "{E97520C4-E0AD-4A0D-9FA5-D09D92AA8D45}"
EndProject
Project("{FAE04EC0-301F-11D3-BF4B-00C04F79EFBC}") = "ReverseStack", "ReverseStack\ReverseStack.csproj", "{8F427808-1357-49B4-A6BE-6315F949D906}"
EndProject
Project("{FAE04EC0-301F-11D3-BF4B-00C04F79EFBC}") = "KthSymbolGrammar", "KthSymbolGrammer\KthSymbolGrammar.csproj", "{1BD8D6D2-63B7-420B-9ED0-806355A95BD5}"
EndProject
Project("{FAE04EC0-301F-11D3-BF4B-00C04F79EFBC}") = "PermutationWithSpaces", "PermutationWithSpaces\PermutationWithSpaces.csproj", "{CB8258A2-2209-4038-9610-7053B155E796}"
EndProject
Project("{FAE04EC0-301F-11D3-BF4B-00C04F79EFBC}") = "LetterCasePermutation", "LetterCasePermutation\LetterCasePermutation.csproj", "{E62929E6-78BE-4128-88C9-4A6E782B84B7}"
EndProject
Project("{FAE04EC0-301F-11D3-BF4B-00C04F79EFBC}") = "LongestCommonSubstring", "LongestCommonSubstring\LongestCommonSubstring.csproj", "{522ED347-E810-4F4B-9C0D-7EE1B1C81E07}"
EndProject
Project("{2150E333-8FDC-42A3-9474-1A3956D46DE8}") = "AugustChallenge", "AugustChallenge", "{B9928419-090B-4FD1-A25D-B1BF538BE261}"
EndProject
Project("{FAE04EC0-301F-11D3-BF4B-00C04F79EFBC}") = "DetectCapital", "DetectCapital\DetectCapital.csproj", "{E8DBAAA0-C48B-4436-8F13-F06725758027}"
EndProject
Project("{FAE04EC0-301F-11D3-BF4B-00C04F79EFBC}") = "DesignHashSet", "DesignHashSet\DesignHashSet.csproj", "{4EF06FCF-0148-4F9D-AFB2-9912717D3535}"
EndProject
Project("{2150E333-8FDC-42A3-9474-1A3956D46DE8}") = "Stack", "Stack", "{B6461AFF-6578-4F3C-BE98-237364F2AD7E}"
EndProject
Project("{FAE04EC0-301F-11D3-BF4B-00C04F79EFBC}") = "NextGreaterRight", "NextGreaterRight\NextGreaterRight.csproj", "{7C9254B5-64B2-401B-9A03-AC31D9A2D841}"
EndProject
Project("{FAE04EC0-301F-11D3-BF4B-00C04F79EFBC}") = "StockSpanProblem", "StockSpanProblem\StockSpanProblem.csproj", "{B51286F7-639E-4795-B48E-27CF35A0FAEB}"
EndProject
Project("{FAE04EC0-301F-11D3-BF4B-00C04F79EFBC}") = "WaterTrappingProblem", "MaximumAreaHistogram\WaterTrappingProblem.csproj", "{AA0ABEF4-AF77-4BE6-8DFB-7363F16D9730}"
EndProject
Project("{FAE04EC0-301F-11D3-BF4B-00C04F79EFBC}") = "MinimumElementStack", "MinimumElementStack\MinimumElementStack.csproj", "{7926F54E-AB46-4313-AF98-48A2D017D129}"
EndProject
Project("{2150E333-8FDC-42A3-9474-1A3956D46DE8}") = "BinarySearch", "BinarySearch", "{606DDAB3-3F20-4187-B24B-BC437FF71352}"
EndProject
Project("{FAE04EC0-301F-11D3-BF4B-00C04F79EFBC}") = "FirstAndLastOccourance", "FirstAndLastOccourance\FirstAndLastOccourance.csproj", "{C20AFA38-15ED-46AF-9194-530B74249932}"
EndProject
Project("{FAE04EC0-301F-11D3-BF4B-00C04F79EFBC}") = "NoOfTimesSortedArrayRotated", "NoOfTimesSortedArrayRotated\NoOfTimesSortedArrayRotated.csproj", "{C2982CD1-22C1-4745-A412-91C804A4F803}"
EndProject
Project("{FAE04EC0-301F-11D3-BF4B-00C04F79EFBC}") = "ElementInRotatedArray", "ElementInRotatedArray\ElementInRotatedArray.csproj", "{F16A2D5B-08DD-4ACF-A419-43D07F7B509C}"
EndProject
Project("{FAE04EC0-301F-11D3-BF4B-00C04F79EFBC}") = "MinimumDifferenceSortedArray", "MinimumDifferenceSortedArray\MinimumDifferenceSortedArray.csproj", "{3F105E12-393C-4150-8C04-E5B717A41538}"
EndProject
Project("{2150E333-8FDC-42A3-9474-1A3956D46DE8}") = "SlidingWindow", "SlidingWindow", "{81278835-4F2E-4833-8EB9-27F34A4FE566}"
EndProject
Project("{FAE04EC0-301F-11D3-BF4B-00C04F79EFBC}") = "MaxSumSubarrayK", "MaxSumSubarrayK\MaxSumSubarrayK.csproj", "{AAFACD12-BA8C-44D7-8E76-195E7CE43DCA}"
EndProject
Project("{FAE04EC0-301F-11D3-BF4B-00C04F79EFBC}") = "FirstNegativeNumberEveryWindow", "FirstNegativeNumberEveryWindow\FirstNegativeNumberEveryWindow.csproj", "{D76502AD-697B-4E88-BC33-B5E049465297}"
EndProject
Project("{FAE04EC0-301F-11D3-BF4B-00C04F79EFBC}") = "Anagrams", "Anagrams\Anagrams.csproj", "{4E9C660F-2061-43EB-B0FB-5279D9B62662}"
EndProject
Project("{FAE04EC0-301F-11D3-BF4B-00C04F79EFBC}") = "MaxSubArray", "MaxSubArray\MaxSubArray.csproj", "{84A33453-C61C-4940-82C6-E16ED2943808}"
EndProject
Project("{FAE04EC0-301F-11D3-BF4B-00C04F79EFBC}") = "VariableSizeSlidingWindowSum", "VariableSizeSlidingWindowSum\VariableSizeSlidingWindowSum.csproj", "{A288295E-474F-4612-9A78-A717AC85A591}"
EndProject
Project("{FAE04EC0-301F-11D3-BF4B-00C04F79EFBC}") = "LongestSubstringWIthKUnique", "LongestSubstringWIthKUnique\LongestSubstringWIthKUnique.csproj", "{452F2AA8-3240-4193-B97F-710E91623D39}"
EndProject
Global
	GlobalSection(SolutionConfigurationPlatforms) = preSolution
		Debug|Any CPU = Debug|Any CPU
		Release|Any CPU = Release|Any CPU
	EndGlobalSection
	GlobalSection(ProjectConfigurationPlatforms) = postSolution
		{F57DA172-29D7-4973-B57A-BAEC5AE168FD}.Debug|Any CPU.ActiveCfg = Debug|Any CPU
		{F57DA172-29D7-4973-B57A-BAEC5AE168FD}.Debug|Any CPU.Build.0 = Debug|Any CPU
		{F57DA172-29D7-4973-B57A-BAEC5AE168FD}.Release|Any CPU.ActiveCfg = Release|Any CPU
		{F57DA172-29D7-4973-B57A-BAEC5AE168FD}.Release|Any CPU.Build.0 = Release|Any CPU
		{EA27E3B7-C8A9-435A-B44A-F66E78A717AA}.Debug|Any CPU.ActiveCfg = Debug|Any CPU
		{EA27E3B7-C8A9-435A-B44A-F66E78A717AA}.Debug|Any CPU.Build.0 = Debug|Any CPU
		{EA27E3B7-C8A9-435A-B44A-F66E78A717AA}.Release|Any CPU.ActiveCfg = Release|Any CPU
		{EA27E3B7-C8A9-435A-B44A-F66E78A717AA}.Release|Any CPU.Build.0 = Release|Any CPU
		{C6E552A0-3930-44E5-B20C-86B71D891EDF}.Debug|Any CPU.ActiveCfg = Debug|Any CPU
		{C6E552A0-3930-44E5-B20C-86B71D891EDF}.Debug|Any CPU.Build.0 = Debug|Any CPU
		{C6E552A0-3930-44E5-B20C-86B71D891EDF}.Release|Any CPU.ActiveCfg = Release|Any CPU
		{C6E552A0-3930-44E5-B20C-86B71D891EDF}.Release|Any CPU.Build.0 = Release|Any CPU
		{4F7B637D-4E7A-4525-B718-63CB34DE8A1B}.Debug|Any CPU.ActiveCfg = Debug|Any CPU
		{4F7B637D-4E7A-4525-B718-63CB34DE8A1B}.Debug|Any CPU.Build.0 = Debug|Any CPU
		{4F7B637D-4E7A-4525-B718-63CB34DE8A1B}.Release|Any CPU.ActiveCfg = Release|Any CPU
		{4F7B637D-4E7A-4525-B718-63CB34DE8A1B}.Release|Any CPU.Build.0 = Release|Any CPU
		{8C908B96-B70D-4837-B2FB-A364D46985C6}.Debug|Any CPU.ActiveCfg = Debug|Any CPU
		{8C908B96-B70D-4837-B2FB-A364D46985C6}.Debug|Any CPU.Build.0 = Debug|Any CPU
		{8C908B96-B70D-4837-B2FB-A364D46985C6}.Release|Any CPU.ActiveCfg = Release|Any CPU
		{8C908B96-B70D-4837-B2FB-A364D46985C6}.Release|Any CPU.Build.0 = Release|Any CPU
		{5D389E67-C0D7-43BC-948B-282CD9FC5F26}.Debug|Any CPU.ActiveCfg = Debug|Any CPU
		{5D389E67-C0D7-43BC-948B-282CD9FC5F26}.Debug|Any CPU.Build.0 = Debug|Any CPU
		{5D389E67-C0D7-43BC-948B-282CD9FC5F26}.Release|Any CPU.ActiveCfg = Release|Any CPU
		{5D389E67-C0D7-43BC-948B-282CD9FC5F26}.Release|Any CPU.Build.0 = Release|Any CPU
		{0352C25E-E1E6-4925-AFD0-040100D176A3}.Debug|Any CPU.ActiveCfg = Debug|Any CPU
		{0352C25E-E1E6-4925-AFD0-040100D176A3}.Debug|Any CPU.Build.0 = Debug|Any CPU
		{0352C25E-E1E6-4925-AFD0-040100D176A3}.Release|Any CPU.ActiveCfg = Release|Any CPU
		{0352C25E-E1E6-4925-AFD0-040100D176A3}.Release|Any CPU.Build.0 = Release|Any CPU
		{CEDE1186-8C49-4607-B75B-797F41B226EE}.Debug|Any CPU.ActiveCfg = Debug|Any CPU
		{CEDE1186-8C49-4607-B75B-797F41B226EE}.Debug|Any CPU.Build.0 = Debug|Any CPU
		{CEDE1186-8C49-4607-B75B-797F41B226EE}.Release|Any CPU.ActiveCfg = Release|Any CPU
		{CEDE1186-8C49-4607-B75B-797F41B226EE}.Release|Any CPU.Build.0 = Release|Any CPU
		{AF828AFA-32E0-48C1-9D39-85A6A91947EC}.Debug|Any CPU.ActiveCfg = Debug|Any CPU
		{AF828AFA-32E0-48C1-9D39-85A6A91947EC}.Debug|Any CPU.Build.0 = Debug|Any CPU
		{AF828AFA-32E0-48C1-9D39-85A6A91947EC}.Release|Any CPU.ActiveCfg = Release|Any CPU
		{AF828AFA-32E0-48C1-9D39-85A6A91947EC}.Release|Any CPU.Build.0 = Release|Any CPU
		{9D68B1B0-0258-4FAB-899A-A680F9297582}.Debug|Any CPU.ActiveCfg = Debug|Any CPU
		{9D68B1B0-0258-4FAB-899A-A680F9297582}.Debug|Any CPU.Build.0 = Debug|Any CPU
		{9D68B1B0-0258-4FAB-899A-A680F9297582}.Release|Any CPU.ActiveCfg = Release|Any CPU
		{9D68B1B0-0258-4FAB-899A-A680F9297582}.Release|Any CPU.Build.0 = Release|Any CPU
		{9DC2FEE4-13B7-43C0-8092-BE65A7D32AC0}.Debug|Any CPU.ActiveCfg = Debug|Any CPU
		{9DC2FEE4-13B7-43C0-8092-BE65A7D32AC0}.Debug|Any CPU.Build.0 = Debug|Any CPU
		{9DC2FEE4-13B7-43C0-8092-BE65A7D32AC0}.Release|Any CPU.ActiveCfg = Release|Any CPU
		{9DC2FEE4-13B7-43C0-8092-BE65A7D32AC0}.Release|Any CPU.Build.0 = Release|Any CPU
		{2A7EAE53-A451-4282-860D-EA64D204ED1A}.Debug|Any CPU.ActiveCfg = Debug|Any CPU
		{2A7EAE53-A451-4282-860D-EA64D204ED1A}.Debug|Any CPU.Build.0 = Debug|Any CPU
		{2A7EAE53-A451-4282-860D-EA64D204ED1A}.Release|Any CPU.ActiveCfg = Release|Any CPU
		{2A7EAE53-A451-4282-860D-EA64D204ED1A}.Release|Any CPU.Build.0 = Release|Any CPU
		{487AA600-8A67-4D21-B0DD-AF0720935EB8}.Debug|Any CPU.ActiveCfg = Debug|Any CPU
		{487AA600-8A67-4D21-B0DD-AF0720935EB8}.Debug|Any CPU.Build.0 = Debug|Any CPU
		{487AA600-8A67-4D21-B0DD-AF0720935EB8}.Release|Any CPU.ActiveCfg = Release|Any CPU
		{487AA600-8A67-4D21-B0DD-AF0720935EB8}.Release|Any CPU.Build.0 = Release|Any CPU
		{DCC6BA6D-D2B8-4789-8B75-41DBE8B81299}.Debug|Any CPU.ActiveCfg = Debug|Any CPU
		{DCC6BA6D-D2B8-4789-8B75-41DBE8B81299}.Debug|Any CPU.Build.0 = Debug|Any CPU
		{DCC6BA6D-D2B8-4789-8B75-41DBE8B81299}.Release|Any CPU.ActiveCfg = Release|Any CPU
		{DCC6BA6D-D2B8-4789-8B75-41DBE8B81299}.Release|Any CPU.Build.0 = Release|Any CPU
		{6EEE7953-FBDF-4112-A01B-CFB6C9A7783D}.Debug|Any CPU.ActiveCfg = Debug|Any CPU
		{6EEE7953-FBDF-4112-A01B-CFB6C9A7783D}.Debug|Any CPU.Build.0 = Debug|Any CPU
		{6EEE7953-FBDF-4112-A01B-CFB6C9A7783D}.Release|Any CPU.ActiveCfg = Release|Any CPU
		{6EEE7953-FBDF-4112-A01B-CFB6C9A7783D}.Release|Any CPU.Build.0 = Release|Any CPU
		{2A3A73E2-629C-4692-9F97-33FF2E5FA5B5}.Debug|Any CPU.ActiveCfg = Debug|Any CPU
		{2A3A73E2-629C-4692-9F97-33FF2E5FA5B5}.Debug|Any CPU.Build.0 = Debug|Any CPU
		{2A3A73E2-629C-4692-9F97-33FF2E5FA5B5}.Release|Any CPU.ActiveCfg = Release|Any CPU
		{2A3A73E2-629C-4692-9F97-33FF2E5FA5B5}.Release|Any CPU.Build.0 = Release|Any CPU
		{44345D7B-089F-4989-8834-BB44276F3929}.Debug|Any CPU.ActiveCfg = Debug|Any CPU
		{44345D7B-089F-4989-8834-BB44276F3929}.Debug|Any CPU.Build.0 = Debug|Any CPU
		{44345D7B-089F-4989-8834-BB44276F3929}.Release|Any CPU.ActiveCfg = Release|Any CPU
		{44345D7B-089F-4989-8834-BB44276F3929}.Release|Any CPU.Build.0 = Release|Any CPU
		{63D11E9C-CB87-4DFE-89FD-55750C5A10A5}.Debug|Any CPU.ActiveCfg = Debug|Any CPU
		{63D11E9C-CB87-4DFE-89FD-55750C5A10A5}.Debug|Any CPU.Build.0 = Debug|Any CPU
		{63D11E9C-CB87-4DFE-89FD-55750C5A10A5}.Release|Any CPU.ActiveCfg = Release|Any CPU
		{63D11E9C-CB87-4DFE-89FD-55750C5A10A5}.Release|Any CPU.Build.0 = Release|Any CPU
		{23425768-B6EC-40CF-9763-C17FC457E477}.Debug|Any CPU.ActiveCfg = Debug|Any CPU
		{23425768-B6EC-40CF-9763-C17FC457E477}.Debug|Any CPU.Build.0 = Debug|Any CPU
		{23425768-B6EC-40CF-9763-C17FC457E477}.Release|Any CPU.ActiveCfg = Release|Any CPU
		{23425768-B6EC-40CF-9763-C17FC457E477}.Release|Any CPU.Build.0 = Release|Any CPU
		{7B418E9B-FEC0-4E48-8EDC-647C48507939}.Debug|Any CPU.ActiveCfg = Debug|Any CPU
		{7B418E9B-FEC0-4E48-8EDC-647C48507939}.Debug|Any CPU.Build.0 = Debug|Any CPU
		{7B418E9B-FEC0-4E48-8EDC-647C48507939}.Release|Any CPU.ActiveCfg = Release|Any CPU
		{7B418E9B-FEC0-4E48-8EDC-647C48507939}.Release|Any CPU.Build.0 = Release|Any CPU
		{47F299E2-230E-4DBF-B938-82080ADA855F}.Debug|Any CPU.ActiveCfg = Debug|Any CPU
		{47F299E2-230E-4DBF-B938-82080ADA855F}.Debug|Any CPU.Build.0 = Debug|Any CPU
		{47F299E2-230E-4DBF-B938-82080ADA855F}.Release|Any CPU.ActiveCfg = Release|Any CPU
		{47F299E2-230E-4DBF-B938-82080ADA855F}.Release|Any CPU.Build.0 = Release|Any CPU
		{0C11D1BD-B513-40A6-8268-0C779EE63BD6}.Debug|Any CPU.ActiveCfg = Debug|Any CPU
		{0C11D1BD-B513-40A6-8268-0C779EE63BD6}.Debug|Any CPU.Build.0 = Debug|Any CPU
		{0C11D1BD-B513-40A6-8268-0C779EE63BD6}.Release|Any CPU.ActiveCfg = Release|Any CPU
		{0C11D1BD-B513-40A6-8268-0C779EE63BD6}.Release|Any CPU.Build.0 = Release|Any CPU
		{0A33FAF7-C822-43E9-B671-FEF940FCF171}.Debug|Any CPU.ActiveCfg = Debug|Any CPU
		{0A33FAF7-C822-43E9-B671-FEF940FCF171}.Debug|Any CPU.Build.0 = Debug|Any CPU
		{0A33FAF7-C822-43E9-B671-FEF940FCF171}.Release|Any CPU.ActiveCfg = Release|Any CPU
		{0A33FAF7-C822-43E9-B671-FEF940FCF171}.Release|Any CPU.Build.0 = Release|Any CPU
		{38E3549A-D8D3-4790-84E8-65C7473C2460}.Debug|Any CPU.ActiveCfg = Debug|Any CPU
		{38E3549A-D8D3-4790-84E8-65C7473C2460}.Debug|Any CPU.Build.0 = Debug|Any CPU
		{38E3549A-D8D3-4790-84E8-65C7473C2460}.Release|Any CPU.ActiveCfg = Release|Any CPU
		{38E3549A-D8D3-4790-84E8-65C7473C2460}.Release|Any CPU.Build.0 = Release|Any CPU
		{1FDF52F8-ABEC-444C-B1D1-95EB858D3CCA}.Debug|Any CPU.ActiveCfg = Debug|Any CPU
		{1FDF52F8-ABEC-444C-B1D1-95EB858D3CCA}.Debug|Any CPU.Build.0 = Debug|Any CPU
		{1FDF52F8-ABEC-444C-B1D1-95EB858D3CCA}.Release|Any CPU.ActiveCfg = Release|Any CPU
		{1FDF52F8-ABEC-444C-B1D1-95EB858D3CCA}.Release|Any CPU.Build.0 = Release|Any CPU
		{F1BB06A7-6960-41FD-8B2D-6905742AB2B5}.Debug|Any CPU.ActiveCfg = Debug|Any CPU
		{F1BB06A7-6960-41FD-8B2D-6905742AB2B5}.Debug|Any CPU.Build.0 = Debug|Any CPU
		{F1BB06A7-6960-41FD-8B2D-6905742AB2B5}.Release|Any CPU.ActiveCfg = Release|Any CPU
		{F1BB06A7-6960-41FD-8B2D-6905742AB2B5}.Release|Any CPU.Build.0 = Release|Any CPU
		{BCAB49A8-7264-4C1B-AA0C-F4B9F493A88C}.Debug|Any CPU.ActiveCfg = Debug|Any CPU
		{BCAB49A8-7264-4C1B-AA0C-F4B9F493A88C}.Debug|Any CPU.Build.0 = Debug|Any CPU
		{BCAB49A8-7264-4C1B-AA0C-F4B9F493A88C}.Release|Any CPU.ActiveCfg = Release|Any CPU
		{BCAB49A8-7264-4C1B-AA0C-F4B9F493A88C}.Release|Any CPU.Build.0 = Release|Any CPU
		{50E92B45-8C14-4C8D-AED7-0F6362AD0CEE}.Debug|Any CPU.ActiveCfg = Debug|Any CPU
		{50E92B45-8C14-4C8D-AED7-0F6362AD0CEE}.Debug|Any CPU.Build.0 = Debug|Any CPU
		{50E92B45-8C14-4C8D-AED7-0F6362AD0CEE}.Release|Any CPU.ActiveCfg = Release|Any CPU
		{50E92B45-8C14-4C8D-AED7-0F6362AD0CEE}.Release|Any CPU.Build.0 = Release|Any CPU
		{E97520C4-E0AD-4A0D-9FA5-D09D92AA8D45}.Debug|Any CPU.ActiveCfg = Debug|Any CPU
		{E97520C4-E0AD-4A0D-9FA5-D09D92AA8D45}.Debug|Any CPU.Build.0 = Debug|Any CPU
		{E97520C4-E0AD-4A0D-9FA5-D09D92AA8D45}.Release|Any CPU.ActiveCfg = Release|Any CPU
		{E97520C4-E0AD-4A0D-9FA5-D09D92AA8D45}.Release|Any CPU.Build.0 = Release|Any CPU
		{8F427808-1357-49B4-A6BE-6315F949D906}.Debug|Any CPU.ActiveCfg = Debug|Any CPU
		{8F427808-1357-49B4-A6BE-6315F949D906}.Debug|Any CPU.Build.0 = Debug|Any CPU
		{8F427808-1357-49B4-A6BE-6315F949D906}.Release|Any CPU.ActiveCfg = Release|Any CPU
		{8F427808-1357-49B4-A6BE-6315F949D906}.Release|Any CPU.Build.0 = Release|Any CPU
		{1BD8D6D2-63B7-420B-9ED0-806355A95BD5}.Debug|Any CPU.ActiveCfg = Debug|Any CPU
		{1BD8D6D2-63B7-420B-9ED0-806355A95BD5}.Debug|Any CPU.Build.0 = Debug|Any CPU
		{1BD8D6D2-63B7-420B-9ED0-806355A95BD5}.Release|Any CPU.ActiveCfg = Release|Any CPU
		{1BD8D6D2-63B7-420B-9ED0-806355A95BD5}.Release|Any CPU.Build.0 = Release|Any CPU
		{CB8258A2-2209-4038-9610-7053B155E796}.Debug|Any CPU.ActiveCfg = Debug|Any CPU
		{CB8258A2-2209-4038-9610-7053B155E796}.Debug|Any CPU.Build.0 = Debug|Any CPU
		{CB8258A2-2209-4038-9610-7053B155E796}.Release|Any CPU.ActiveCfg = Release|Any CPU
		{CB8258A2-2209-4038-9610-7053B155E796}.Release|Any CPU.Build.0 = Release|Any CPU
		{E62929E6-78BE-4128-88C9-4A6E782B84B7}.Debug|Any CPU.ActiveCfg = Debug|Any CPU
		{E62929E6-78BE-4128-88C9-4A6E782B84B7}.Debug|Any CPU.Build.0 = Debug|Any CPU
		{E62929E6-78BE-4128-88C9-4A6E782B84B7}.Release|Any CPU.ActiveCfg = Release|Any CPU
		{E62929E6-78BE-4128-88C9-4A6E782B84B7}.Release|Any CPU.Build.0 = Release|Any CPU
		{522ED347-E810-4F4B-9C0D-7EE1B1C81E07}.Debug|Any CPU.ActiveCfg = Debug|Any CPU
		{522ED347-E810-4F4B-9C0D-7EE1B1C81E07}.Debug|Any CPU.Build.0 = Debug|Any CPU
		{522ED347-E810-4F4B-9C0D-7EE1B1C81E07}.Release|Any CPU.ActiveCfg = Release|Any CPU
		{522ED347-E810-4F4B-9C0D-7EE1B1C81E07}.Release|Any CPU.Build.0 = Release|Any CPU
		{E8DBAAA0-C48B-4436-8F13-F06725758027}.Debug|Any CPU.ActiveCfg = Debug|Any CPU
		{E8DBAAA0-C48B-4436-8F13-F06725758027}.Debug|Any CPU.Build.0 = Debug|Any CPU
		{E8DBAAA0-C48B-4436-8F13-F06725758027}.Release|Any CPU.ActiveCfg = Release|Any CPU
		{E8DBAAA0-C48B-4436-8F13-F06725758027}.Release|Any CPU.Build.0 = Release|Any CPU
		{4EF06FCF-0148-4F9D-AFB2-9912717D3535}.Debug|Any CPU.ActiveCfg = Debug|Any CPU
		{4EF06FCF-0148-4F9D-AFB2-9912717D3535}.Debug|Any CPU.Build.0 = Debug|Any CPU
		{4EF06FCF-0148-4F9D-AFB2-9912717D3535}.Release|Any CPU.ActiveCfg = Release|Any CPU
		{4EF06FCF-0148-4F9D-AFB2-9912717D3535}.Release|Any CPU.Build.0 = Release|Any CPU
		{7C9254B5-64B2-401B-9A03-AC31D9A2D841}.Debug|Any CPU.ActiveCfg = Debug|Any CPU
		{7C9254B5-64B2-401B-9A03-AC31D9A2D841}.Debug|Any CPU.Build.0 = Debug|Any CPU
		{7C9254B5-64B2-401B-9A03-AC31D9A2D841}.Release|Any CPU.ActiveCfg = Release|Any CPU
		{7C9254B5-64B2-401B-9A03-AC31D9A2D841}.Release|Any CPU.Build.0 = Release|Any CPU
		{B51286F7-639E-4795-B48E-27CF35A0FAEB}.Debug|Any CPU.ActiveCfg = Debug|Any CPU
		{B51286F7-639E-4795-B48E-27CF35A0FAEB}.Debug|Any CPU.Build.0 = Debug|Any CPU
		{B51286F7-639E-4795-B48E-27CF35A0FAEB}.Release|Any CPU.ActiveCfg = Release|Any CPU
		{B51286F7-639E-4795-B48E-27CF35A0FAEB}.Release|Any CPU.Build.0 = Release|Any CPU
		{AA0ABEF4-AF77-4BE6-8DFB-7363F16D9730}.Debug|Any CPU.ActiveCfg = Debug|Any CPU
		{AA0ABEF4-AF77-4BE6-8DFB-7363F16D9730}.Debug|Any CPU.Build.0 = Debug|Any CPU
		{AA0ABEF4-AF77-4BE6-8DFB-7363F16D9730}.Release|Any CPU.ActiveCfg = Release|Any CPU
		{AA0ABEF4-AF77-4BE6-8DFB-7363F16D9730}.Release|Any CPU.Build.0 = Release|Any CPU
		{7926F54E-AB46-4313-AF98-48A2D017D129}.Debug|Any CPU.ActiveCfg = Debug|Any CPU
		{7926F54E-AB46-4313-AF98-48A2D017D129}.Debug|Any CPU.Build.0 = Debug|Any CPU
		{7926F54E-AB46-4313-AF98-48A2D017D129}.Release|Any CPU.ActiveCfg = Release|Any CPU
		{7926F54E-AB46-4313-AF98-48A2D017D129}.Release|Any CPU.Build.0 = Release|Any CPU
		{C20AFA38-15ED-46AF-9194-530B74249932}.Debug|Any CPU.ActiveCfg = Debug|Any CPU
		{C20AFA38-15ED-46AF-9194-530B74249932}.Debug|Any CPU.Build.0 = Debug|Any CPU
		{C20AFA38-15ED-46AF-9194-530B74249932}.Release|Any CPU.ActiveCfg = Release|Any CPU
		{C20AFA38-15ED-46AF-9194-530B74249932}.Release|Any CPU.Build.0 = Release|Any CPU
		{C2982CD1-22C1-4745-A412-91C804A4F803}.Debug|Any CPU.ActiveCfg = Debug|Any CPU
		{C2982CD1-22C1-4745-A412-91C804A4F803}.Debug|Any CPU.Build.0 = Debug|Any CPU
		{C2982CD1-22C1-4745-A412-91C804A4F803}.Release|Any CPU.ActiveCfg = Release|Any CPU
		{C2982CD1-22C1-4745-A412-91C804A4F803}.Release|Any CPU.Build.0 = Release|Any CPU
		{F16A2D5B-08DD-4ACF-A419-43D07F7B509C}.Debug|Any CPU.ActiveCfg = Debug|Any CPU
		{F16A2D5B-08DD-4ACF-A419-43D07F7B509C}.Debug|Any CPU.Build.0 = Debug|Any CPU
		{F16A2D5B-08DD-4ACF-A419-43D07F7B509C}.Release|Any CPU.ActiveCfg = Release|Any CPU
		{F16A2D5B-08DD-4ACF-A419-43D07F7B509C}.Release|Any CPU.Build.0 = Release|Any CPU
		{3F105E12-393C-4150-8C04-E5B717A41538}.Debug|Any CPU.ActiveCfg = Debug|Any CPU
		{3F105E12-393C-4150-8C04-E5B717A41538}.Debug|Any CPU.Build.0 = Debug|Any CPU
		{3F105E12-393C-4150-8C04-E5B717A41538}.Release|Any CPU.ActiveCfg = Release|Any CPU
		{3F105E12-393C-4150-8C04-E5B717A41538}.Release|Any CPU.Build.0 = Release|Any CPU
		{AAFACD12-BA8C-44D7-8E76-195E7CE43DCA}.Debug|Any CPU.ActiveCfg = Debug|Any CPU
		{AAFACD12-BA8C-44D7-8E76-195E7CE43DCA}.Debug|Any CPU.Build.0 = Debug|Any CPU
		{AAFACD12-BA8C-44D7-8E76-195E7CE43DCA}.Release|Any CPU.ActiveCfg = Release|Any CPU
		{AAFACD12-BA8C-44D7-8E76-195E7CE43DCA}.Release|Any CPU.Build.0 = Release|Any CPU
		{D76502AD-697B-4E88-BC33-B5E049465297}.Debug|Any CPU.ActiveCfg = Debug|Any CPU
		{D76502AD-697B-4E88-BC33-B5E049465297}.Debug|Any CPU.Build.0 = Debug|Any CPU
		{D76502AD-697B-4E88-BC33-B5E049465297}.Release|Any CPU.ActiveCfg = Release|Any CPU
		{D76502AD-697B-4E88-BC33-B5E049465297}.Release|Any CPU.Build.0 = Release|Any CPU
		{4E9C660F-2061-43EB-B0FB-5279D9B62662}.Debug|Any CPU.ActiveCfg = Debug|Any CPU
		{4E9C660F-2061-43EB-B0FB-5279D9B62662}.Debug|Any CPU.Build.0 = Debug|Any CPU
		{4E9C660F-2061-43EB-B0FB-5279D9B62662}.Release|Any CPU.ActiveCfg = Release|Any CPU
		{4E9C660F-2061-43EB-B0FB-5279D9B62662}.Release|Any CPU.Build.0 = Release|Any CPU
		{84A33453-C61C-4940-82C6-E16ED2943808}.Debug|Any CPU.ActiveCfg = Debug|Any CPU
		{84A33453-C61C-4940-82C6-E16ED2943808}.Debug|Any CPU.Build.0 = Debug|Any CPU
		{84A33453-C61C-4940-82C6-E16ED2943808}.Release|Any CPU.ActiveCfg = Release|Any CPU
		{84A33453-C61C-4940-82C6-E16ED2943808}.Release|Any CPU.Build.0 = Release|Any CPU
		{A288295E-474F-4612-9A78-A717AC85A591}.Debug|Any CPU.ActiveCfg = Debug|Any CPU
		{A288295E-474F-4612-9A78-A717AC85A591}.Debug|Any CPU.Build.0 = Debug|Any CPU
		{A288295E-474F-4612-9A78-A717AC85A591}.Release|Any CPU.ActiveCfg = Release|Any CPU
		{A288295E-474F-4612-9A78-A717AC85A591}.Release|Any CPU.Build.0 = Release|Any CPU
		{452F2AA8-3240-4193-B97F-710E91623D39}.Debug|Any CPU.ActiveCfg = Debug|Any CPU
		{452F2AA8-3240-4193-B97F-710E91623D39}.Debug|Any CPU.Build.0 = Debug|Any CPU
		{452F2AA8-3240-4193-B97F-710E91623D39}.Release|Any CPU.ActiveCfg = Release|Any CPU
		{452F2AA8-3240-4193-B97F-710E91623D39}.Release|Any CPU.Build.0 = Release|Any CPU
	EndGlobalSection
	GlobalSection(SolutionProperties) = preSolution
		HideSolutionNode = FALSE
	EndGlobalSection
	GlobalSection(NestedProjects) = preSolution
		{4F7B637D-4E7A-4525-B718-63CB34DE8A1B} = {E85813A9-5C39-4798-B9DB-94F96808AA4C}
		{8C908B96-B70D-4837-B2FB-A364D46985C6} = {E85813A9-5C39-4798-B9DB-94F96808AA4C}
		{CEDE1186-8C49-4607-B75B-797F41B226EE} = {A4020A77-0803-47FD-8E13-323B5052BAF4}
		{AF828AFA-32E0-48C1-9D39-85A6A91947EC} = {A4020A77-0803-47FD-8E13-323B5052BAF4}
		{9D68B1B0-0258-4FAB-899A-A680F9297582} = {77B98723-9208-4C40-A816-5AE6229E2A8A}
		{9DC2FEE4-13B7-43C0-8092-BE65A7D32AC0} = {77B98723-9208-4C40-A816-5AE6229E2A8A}
		{2A7EAE53-A451-4282-860D-EA64D204ED1A} = {77B98723-9208-4C40-A816-5AE6229E2A8A}
		{487AA600-8A67-4D21-B0DD-AF0720935EB8} = {77B98723-9208-4C40-A816-5AE6229E2A8A}
		{DCC6BA6D-D2B8-4789-8B75-41DBE8B81299} = {77B98723-9208-4C40-A816-5AE6229E2A8A}
		{6EEE7953-FBDF-4112-A01B-CFB6C9A7783D} = {77B98723-9208-4C40-A816-5AE6229E2A8A}
		{2A3A73E2-629C-4692-9F97-33FF2E5FA5B5} = {77B98723-9208-4C40-A816-5AE6229E2A8A}
		{44345D7B-089F-4989-8834-BB44276F3929} = {77B98723-9208-4C40-A816-5AE6229E2A8A}
		{63D11E9C-CB87-4DFE-89FD-55750C5A10A5} = {77B98723-9208-4C40-A816-5AE6229E2A8A}
		{23425768-B6EC-40CF-9763-C17FC457E477} = {77B98723-9208-4C40-A816-5AE6229E2A8A}
		{7B418E9B-FEC0-4E48-8EDC-647C48507939} = {77B98723-9208-4C40-A816-5AE6229E2A8A}
		{47F299E2-230E-4DBF-B938-82080ADA855F} = {77B98723-9208-4C40-A816-5AE6229E2A8A}
		{0C11D1BD-B513-40A6-8268-0C779EE63BD6} = {77B98723-9208-4C40-A816-5AE6229E2A8A}
		{BBB59CA0-F6D9-4289-9167-489F05C8910C} = {77B98723-9208-4C40-A816-5AE6229E2A8A}
		{0A33FAF7-C822-43E9-B671-FEF940FCF171} = {BBB59CA0-F6D9-4289-9167-489F05C8910C}
		{38E3549A-D8D3-4790-84E8-65C7473C2460} = {BBB59CA0-F6D9-4289-9167-489F05C8910C}
		{1FDF52F8-ABEC-444C-B1D1-95EB858D3CCA} = {39A11682-584E-4147-A75A-A2719B9AAC17}
		{F1BB06A7-6960-41FD-8B2D-6905742AB2B5} = {A4020A77-0803-47FD-8E13-323B5052BAF4}
		{BCAB49A8-7264-4C1B-AA0C-F4B9F493A88C} = {A4020A77-0803-47FD-8E13-323B5052BAF4}
		{50E92B45-8C14-4C8D-AED7-0F6362AD0CEE} = {A4020A77-0803-47FD-8E13-323B5052BAF4}
		{E97520C4-E0AD-4A0D-9FA5-D09D92AA8D45} = {A4020A77-0803-47FD-8E13-323B5052BAF4}
		{8F427808-1357-49B4-A6BE-6315F949D906} = {A4020A77-0803-47FD-8E13-323B5052BAF4}
		{1BD8D6D2-63B7-420B-9ED0-806355A95BD5} = {A4020A77-0803-47FD-8E13-323B5052BAF4}
		{CB8258A2-2209-4038-9610-7053B155E796} = {A4020A77-0803-47FD-8E13-323B5052BAF4}
		{E62929E6-78BE-4128-88C9-4A6E782B84B7} = {A4020A77-0803-47FD-8E13-323B5052BAF4}
		{522ED347-E810-4F4B-9C0D-7EE1B1C81E07} = {BBB59CA0-F6D9-4289-9167-489F05C8910C}
		{E8DBAAA0-C48B-4436-8F13-F06725758027} = {B9928419-090B-4FD1-A25D-B1BF538BE261}
		{4EF06FCF-0148-4F9D-AFB2-9912717D3535} = {B9928419-090B-4FD1-A25D-B1BF538BE261}
		{7C9254B5-64B2-401B-9A03-AC31D9A2D841} = {B6461AFF-6578-4F3C-BE98-237364F2AD7E}
		{B51286F7-639E-4795-B48E-27CF35A0FAEB} = {B6461AFF-6578-4F3C-BE98-237364F2AD7E}
		{AA0ABEF4-AF77-4BE6-8DFB-7363F16D9730} = {B6461AFF-6578-4F3C-BE98-237364F2AD7E}
		{7926F54E-AB46-4313-AF98-48A2D017D129} = {B6461AFF-6578-4F3C-BE98-237364F2AD7E}
		{C20AFA38-15ED-46AF-9194-530B74249932} = {606DDAB3-3F20-4187-B24B-BC437FF71352}
		{C2982CD1-22C1-4745-A412-91C804A4F803} = {606DDAB3-3F20-4187-B24B-BC437FF71352}
		{F16A2D5B-08DD-4ACF-A419-43D07F7B509C} = {606DDAB3-3F20-4187-B24B-BC437FF71352}
		{3F105E12-393C-4150-8C04-E5B717A41538} = {606DDAB3-3F20-4187-B24B-BC437FF71352}
		{AAFACD12-BA8C-44D7-8E76-195E7CE43DCA} = {81278835-4F2E-4833-8EB9-27F34A4FE566}
		{D76502AD-697B-4E88-BC33-B5E049465297} = {81278835-4F2E-4833-8EB9-27F34A4FE566}
		{4E9C660F-2061-43EB-B0FB-5279D9B62662} = {81278835-4F2E-4833-8EB9-27F34A4FE566}
		{84A33453-C61C-4940-82C6-E16ED2943808} = {81278835-4F2E-4833-8EB9-27F34A4FE566}
		{A288295E-474F-4612-9A78-A717AC85A591} = {81278835-4F2E-4833-8EB9-27F34A4FE566}
		{452F2AA8-3240-4193-B97F-710E91623D39} = {81278835-4F2E-4833-8EB9-27F34A4FE566}
	EndGlobalSection
	GlobalSection(ExtensibilityGlobals) = postSolution
		SolutionGuid = {B03A9789-90F3-4FA6-964B-9CE978B70BA5}
	EndGlobalSection
EndGlobal
